
Microsoft Visual Studio Solution File, Format Version 12.00
# Visual Studio Version 17
VisualStudioVersion = 17.4.33403.182
MinimumVisualStudioVersion = 10.0.40219.1
Project("{FAE04EC0-301F-11D3-BF4B-00C04F79EFBC}") = "Cache_task_app", "Cache_task_app\Cache_task_app.csproj", "{DAE7831C-13C2-43A8-B616-4CCADA3657FC}"
EndProject
Global
	GlobalSection(SolutionConfigurationPlatforms) = preSolution
		Debug|Any CPU = Debug|Any CPU
		Release|Any CPU = Release|Any CPU
	EndGlobalSection
	GlobalSection(ProjectConfigurationPlatforms) = postSolution
		{DAE7831C-13C2-43A8-B616-4CCADA3657FC}.Debug|Any CPU.ActiveCfg = Debug|Any CPU
		{DAE7831C-13C2-43A8-B616-4CCADA3657FC}.Debug|Any CPU.Build.0 = Debug|Any CPU
		{DAE7831C-13C2-43A8-B616-4CCADA3657FC}.Release|Any CPU.ActiveCfg = Release|Any CPU
		{DAE7831C-13C2-43A8-B616-4CCADA3657FC}.Release|Any CPU.Build.0 = Release|Any CPU
	EndGlobalSection
	GlobalSection(SolutionProperties) = preSolution
		HideSolutionNode = FALSE
	EndGlobalSection
	GlobalSection(ExtensibilityGlobals) = postSolution
		SolutionGuid = {CFA0A0B2-C910-49BA-AFF3-88FDBB5DD108}
	EndGlobalSection
EndGlobal
